
Microsoft Visual Studio Solution File, Format Version 12.00
# Visual Studio 14
VisualStudioVersion = 14.0.25420.1
MinimumVisualStudioVersion = 10.0.40219.1
Project("{2150E333-8FDC-42A3-9474-1A3956D46DE8}") = "ASMX", "ASMX", "{E23FDC08-DE0D-4DD9-B57C-68BCA89F27CE}"
EndProject
Project("{2150E333-8FDC-42A3-9474-1A3956D46DE8}") = "AspNet", "AspNet", "{D594E5F3-8A57-44ED-80E2-3F85F9A8E6E5}"
EndProject
Project("{2150E333-8FDC-42A3-9474-1A3956D46DE8}") = "AspNetMVC", "AspNetMVC", "{F27572A2-65B5-4E01-89F4-89BFF87DE18B}"
EndProject
Project("{2150E333-8FDC-42A3-9474-1A3956D46DE8}") = "WinForms", "WinForms", "{BD0BD2FE-7D64-4A87-953B-D9626B3BAA6D}"
EndProject
Project("{2150E333-8FDC-42A3-9474-1A3956D46DE8}") = "WCF", "WCF", "{2D4FB120-FBE7-4DA5-9A66-0BDC03938E05}"
EndProject
Project("{2150E333-8FDC-42A3-9474-1A3956D46DE8}") = "WPF", "WPF", "{C586AB90-A964-4632-8B82-FB1073E401BA}"
EndProject
Project("{FAE04EC0-301F-11D3-BF4B-00C04F79EFBC}") = "WcfServiceLibraryNet3.0", "WcfServiceLibraryNet3.0\WcfServiceLibraryNet3.0.csproj", "{23315DEA-5AC3-41FC-A68E-8C27B175D7ED}"
EndProject
Project("{FAE04EC0-301F-11D3-BF4B-00C04F79EFBC}") = "WcfServiceApplicationNet3.0", "WcfServiceApplicatioNet3.0\WcfServiceApplicationNet3.0.csproj", "{EF9E3E5E-34F5-4345-8A01-FD2B179FA5F9}"
EndProject
Project("{2150E333-8FDC-42A3-9474-1A3956D46DE8}") = "Console", "Console", "{52176765-B7AD-408A-8E8D-89325C6782B9}"
EndProject
Project("{FAE04EC0-301F-11D3-BF4B-00C04F79EFBC}") = "ConsoleApplicationDotNet20", "ConsoleApplicationDotNet20\ConsoleApplicationDotNet20.csproj", "{F3D345A9-35ED-49CF-9729-D2407FC29F04}"
EndProject
Project("{FAE04EC0-301F-11D3-BF4B-00C04F79EFBC}") = "WindowsFormsDotNet20", "WindowsFormsDotNet20\WindowsFormsDotNet20.csproj", "{7AEFC1AB-1AAA-455B-AE3F-8F8C35807B06}"
EndProject
Project("{FAE04EC0-301F-11D3-BF4B-00C04F79EFBC}") = "WpfApplicationDotNet30", "WpfApplicationDotNet30\WpfApplicationDotNet30.csproj", "{E363E21F-98FD-4C42-9A55-DAA27CD97206}"
EndProject
Project("{FAE04EC0-301F-11D3-BF4B-00C04F79EFBC}") = "AsmxWebService3.5", "AsmxWebService\AsmxWebService3.5.csproj", "{60A2F15B-D705-42CC-A0FF-C5AE2098BED9}"
EndProject
Project("{FAE04EC0-301F-11D3-BF4B-00C04F79EFBC}") = "AspNetWebApplicationDotNet30", "AspNetWebApplicationDotNet30\AspNetWebApplicationDotNet30.csproj", "{DB41C28C-6FA4-4632-A950-9EB7D5350D6B}"
EndProject
Project("{FAE04EC0-301F-11D3-BF4B-00C04F79EFBC}") = "WebMVCdotNet45", "WebMVCdotNet45\WebMVCdotNet45.csproj", "{1BCDAA9B-AFBB-4D22-8129-D92733E89DD3}"
EndProject
Project("{2150E333-8FDC-42A3-9474-1A3956D46DE8}") = "AspNetWebApi", "AspNetWebApi", "{B2C87D70-B018-43CD-9642-1ABC3F29DFB7}"
EndProject
Project("{FAE04EC0-301F-11D3-BF4B-00C04F79EFBC}") = "AspNetWebApiDotNet45", "AspNetWebApiDotNet45\AspNetWebApiDotNet45.csproj", "{35B1F8F0-968A-4331-8E0E-8D768CBDB347}"
EndProject
Global
	GlobalSection(SolutionConfigurationPlatforms) = preSolution
		Debug|Any CPU = Debug|Any CPU
		Release|Any CPU = Release|Any CPU
	EndGlobalSection
	GlobalSection(ProjectConfigurationPlatforms) = postSolution
		{23315DEA-5AC3-41FC-A68E-8C27B175D7ED}.Debug|Any CPU.ActiveCfg = Debug|Any CPU
		{23315DEA-5AC3-41FC-A68E-8C27B175D7ED}.Debug|Any CPU.Build.0 = Debug|Any CPU
		{23315DEA-5AC3-41FC-A68E-8C27B175D7ED}.Release|Any CPU.ActiveCfg = Release|Any CPU
		{23315DEA-5AC3-41FC-A68E-8C27B175D7ED}.Release|Any CPU.Build.0 = Release|Any CPU
		{EF9E3E5E-34F5-4345-8A01-FD2B179FA5F9}.Debug|Any CPU.ActiveCfg = Debug|Any CPU
		{EF9E3E5E-34F5-4345-8A01-FD2B179FA5F9}.Debug|Any CPU.Build.0 = Debug|Any CPU
		{EF9E3E5E-34F5-4345-8A01-FD2B179FA5F9}.Release|Any CPU.ActiveCfg = Release|Any CPU
		{EF9E3E5E-34F5-4345-8A01-FD2B179FA5F9}.Release|Any CPU.Build.0 = Release|Any CPU
		{F3D345A9-35ED-49CF-9729-D2407FC29F04}.Debug|Any CPU.ActiveCfg = Debug|Any CPU
		{F3D345A9-35ED-49CF-9729-D2407FC29F04}.Debug|Any CPU.Build.0 = Debug|Any CPU
		{F3D345A9-35ED-49CF-9729-D2407FC29F04}.Release|Any CPU.ActiveCfg = Release|Any CPU
		{F3D345A9-35ED-49CF-9729-D2407FC29F04}.Release|Any CPU.Build.0 = Release|Any CPU
		{7AEFC1AB-1AAA-455B-AE3F-8F8C35807B06}.Debug|Any CPU.ActiveCfg = Debug|Any CPU
		{7AEFC1AB-1AAA-455B-AE3F-8F8C35807B06}.Debug|Any CPU.Build.0 = Debug|Any CPU
		{7AEFC1AB-1AAA-455B-AE3F-8F8C35807B06}.Release|Any CPU.ActiveCfg = Release|Any CPU
		{7AEFC1AB-1AAA-455B-AE3F-8F8C35807B06}.Release|Any CPU.Build.0 = Release|Any CPU
		{E363E21F-98FD-4C42-9A55-DAA27CD97206}.Debug|Any CPU.ActiveCfg = Debug|Any CPU
		{E363E21F-98FD-4C42-9A55-DAA27CD97206}.Debug|Any CPU.Build.0 = Debug|Any CPU
		{E363E21F-98FD-4C42-9A55-DAA27CD97206}.Release|Any CPU.ActiveCfg = Release|Any CPU
		{E363E21F-98FD-4C42-9A55-DAA27CD97206}.Release|Any CPU.Build.0 = Release|Any CPU
		{60A2F15B-D705-42CC-A0FF-C5AE2098BED9}.Debug|Any CPU.ActiveCfg = Debug|Any CPU
		{60A2F15B-D705-42CC-A0FF-C5AE2098BED9}.Debug|Any CPU.Build.0 = Debug|Any CPU
		{60A2F15B-D705-42CC-A0FF-C5AE2098BED9}.Release|Any CPU.ActiveCfg = Release|Any CPU
		{60A2F15B-D705-42CC-A0FF-C5AE2098BED9}.Release|Any CPU.Build.0 = Release|Any CPU
		{DB41C28C-6FA4-4632-A950-9EB7D5350D6B}.Debug|Any CPU.ActiveCfg = Debug|Any CPU
		{DB41C28C-6FA4-4632-A950-9EB7D5350D6B}.Debug|Any CPU.Build.0 = Debug|Any CPU
		{DB41C28C-6FA4-4632-A950-9EB7D5350D6B}.Release|Any CPU.ActiveCfg = Release|Any CPU
		{DB41C28C-6FA4-4632-A950-9EB7D5350D6B}.Release|Any CPU.Build.0 = Release|Any CPU
		{1BCDAA9B-AFBB-4D22-8129-D92733E89DD3}.Debug|Any CPU.ActiveCfg = Debug|Any CPU
		{1BCDAA9B-AFBB-4D22-8129-D92733E89DD3}.Debug|Any CPU.Build.0 = Debug|Any CPU
		{1BCDAA9B-AFBB-4D22-8129-D92733E89DD3}.Release|Any CPU.ActiveCfg = Release|Any CPU
		{1BCDAA9B-AFBB-4D22-8129-D92733E89DD3}.Release|Any CPU.Build.0 = Release|Any CPU
		{35B1F8F0-968A-4331-8E0E-8D768CBDB347}.Debug|Any CPU.ActiveCfg = Debug|Any CPU
		{35B1F8F0-968A-4331-8E0E-8D768CBDB347}.Debug|Any CPU.Build.0 = Debug|Any CPU
		{35B1F8F0-968A-4331-8E0E-8D768CBDB347}.Release|Any CPU.ActiveCfg = Release|Any CPU
		{35B1F8F0-968A-4331-8E0E-8D768CBDB347}.Release|Any CPU.Build.0 = Release|Any CPU
	EndGlobalSection
	GlobalSection(SolutionProperties) = preSolution
		HideSolutionNode = FALSE
	EndGlobalSection
	GlobalSection(NestedProjects) = preSolution
		{23315DEA-5AC3-41FC-A68E-8C27B175D7ED} = {2D4FB120-FBE7-4DA5-9A66-0BDC03938E05}
		{EF9E3E5E-34F5-4345-8A01-FD2B179FA5F9} = {2D4FB120-FBE7-4DA5-9A66-0BDC03938E05}
		{F3D345A9-35ED-49CF-9729-D2407FC29F04} = {52176765-B7AD-408A-8E8D-89325C6782B9}
		{7AEFC1AB-1AAA-455B-AE3F-8F8C35807B06} = {BD0BD2FE-7D64-4A87-953B-D9626B3BAA6D}
		{E363E21F-98FD-4C42-9A55-DAA27CD97206} = {C586AB90-A964-4632-8B82-FB1073E401BA}
		{60A2F15B-D705-42CC-A0FF-C5AE2098BED9} = {E23FDC08-DE0D-4DD9-B57C-68BCA89F27CE}
		{DB41C28C-6FA4-4632-A950-9EB7D5350D6B} = {D594E5F3-8A57-44ED-80E2-3F85F9A8E6E5}
		{1BCDAA9B-AFBB-4D22-8129-D92733E89DD3} = {F27572A2-65B5-4E01-89F4-89BFF87DE18B}
		{35B1F8F0-968A-4331-8E0E-8D768CBDB347} = {B2C87D70-B018-43CD-9642-1ABC3F29DFB7}
	EndGlobalSection
EndGlobal
